lockfileVersion: 5.3

importers:

  .:
    specifiers: {}

  a:
    specifiers:
      lodash: ^4.16.0
    dependencies:
      lodash: 4.17.20

  b:
    specifiers:
      lodash: ^4.17.0
    dependencies:
      lodash: 4.17.21

packages:

  /lodash/4.17.20:
    resolution: {integrity: sha512-PlhdFcillOINfeV7Ni6oF1TAEayyZBoZ8bcshTHqOYJYlrqzRK5hagpagky5o4HfCzzd1TRkXPMFq6cKk9rGmA==}
    dev: false

  /lodash/4.17.21:
    resolution: {integrity: sha512-v2kDEe57lecTulaDIuNTPy3Ry4gLGJ6Z1O3vE1krgXZNrsQ+LFTGHVxVjcXPs17LhbZVGedAJv8XZ1tvj5FvSg==}
    dev: false
